
Microsoft Visual Studio Solution File, Format Version 9.00
# Visual Studio 2005
Project("{8BC9CEB8-8B4A-11D0-8D11-00A0C91BC942}") = "speedtest_custom", "speedtest_custom.vcproj", "{A789AA85-2B80-421E-A1B1-F365F90E73E9}"
EndProject
Project("{8BC9CEB8-8B4A-11D0-8D11-00A0C91BC942}") = "speedtest_cryptopp", "speedtest_cryptopp.vcproj", "{79692634-DA36-43A7-9FBA-03CDCC9F246A}"
	ProjectSection(ProjectDependencies) = postProject
		{3423EC9A-52E4-4A4D-9753-EDEBC38785EF} = {3423EC9A-52E4-4A4D-9753-EDEBC38785EF}
	EndProjectSection
EndProject
Project("{8BC9CEB8-8B4A-11D0-8D11-00A0C91BC942}") = "cryptlib", "cryptopp552\cryptlib.vcproj", "{3423EC9A-52E4-4A4D-9753-EDEBC38785EF}"
EndProject
Global
	GlobalSection(SolutionConfigurationPlatforms) = preSolution
		Debug|Win32 = Debug|Win32
		Release O1|Win32 = Release O1|Win32
		Release O2|Win32 = Release O2|Win32
		Release Od|Win32 = Release Od|Win32
		Release Ox|Win32 = Release Ox|Win32
	EndGlobalSection
	GlobalSection(ProjectConfigurationPlatforms) = postSolution
		{A789AA85-2B80-421E-A1B1-F365F90E73E9}.Debug|Win32.ActiveCfg = Debug|Win32
		{A789AA85-2B80-421E-A1B1-F365F90E73E9}.Debug|Win32.Build.0 = Debug|Win32
		{A789AA85-2B80-421E-A1B1-F365F90E73E9}.Release O1|Win32.ActiveCfg = Release O1|Win32
		{A789AA85-2B80-421E-A1B1-F365F90E73E9}.Release O1|Win32.Build.0 = Release O1|Win32
		{A789AA85-2B80-421E-A1B1-F365F90E73E9}.Release O2|Win32.ActiveCfg = Release O2|Win32
		{A789AA85-2B80-421E-A1B1-F365F90E73E9}.Release O2|Win32.Build.0 = Release O2|Win32
		{A789AA85-2B80-421E-A1B1-F365F90E73E9}.Release Od|Win32.ActiveCfg = Release Od|Win32
		{A789AA85-2B80-421E-A1B1-F365F90E73E9}.Release Od|Win32.Build.0 = Release Od|Win32
		{A789AA85-2B80-421E-A1B1-F365F90E73E9}.Release Ox|Win32.ActiveCfg = Release Ox|Win32
		{A789AA85-2B80-421E-A1B1-F365F90E73E9}.Release Ox|Win32.Build.0 = Release Ox|Win32
		{79692634-DA36-43A7-9FBA-03CDCC9F246A}.Debug|Win32.ActiveCfg = Debug|Win32
		{79692634-DA36-43A7-9FBA-03CDCC9F246A}.Debug|Win32.Build.0 = Debug|Win32
		{79692634-DA36-43A7-9FBA-03CDCC9F246A}.Release O1|Win32.ActiveCfg = Release O1|Win32
		{79692634-DA36-43A7-9FBA-03CDCC9F246A}.Release O1|Win32.Build.0 = Release O1|Win32
		{79692634-DA36-43A7-9FBA-03CDCC9F246A}.Release O2|Win32.ActiveCfg = Release O2|Win32
		{79692634-DA36-43A7-9FBA-03CDCC9F246A}.Release O2|Win32.Build.0 = Release O2|Win32
		{79692634-DA36-43A7-9FBA-03CDCC9F246A}.Release Od|Win32.ActiveCfg = Release Od|Win32
		{79692634-DA36-43A7-9FBA-03CDCC9F246A}.Release Od|Win32.Build.0 = Release Od|Win32
		{79692634-DA36-43A7-9FBA-03CDCC9F246A}.Release Ox|Win32.ActiveCfg = Release Ox|Win32
		{79692634-DA36-43A7-9FBA-03CDCC9F246A}.Release Ox|Win32.Build.0 = Release Ox|Win32
		{3423EC9A-52E4-4A4D-9753-EDEBC38785EF}.Debug|Win32.ActiveCfg = Debug|Win32
		{3423EC9A-52E4-4A4D-9753-EDEBC38785EF}.Debug|Win32.Build.0 = Debug|Win32
		{3423EC9A-52E4-4A4D-9753-EDEBC38785EF}.Release O1|Win32.ActiveCfg = Release O1|Win32
		{3423EC9A-52E4-4A4D-9753-EDEBC38785EF}.Release O1|Win32.Build.0 = Release O1|Win32
		{3423EC9A-52E4-4A4D-9753-EDEBC38785EF}.Release O2|Win32.ActiveCfg = Release O2|Win32
		{3423EC9A-52E4-4A4D-9753-EDEBC38785EF}.Release O2|Win32.Build.0 = Release O2|Win32
		{3423EC9A-52E4-4A4D-9753-EDEBC38785EF}.Release Od|Win32.ActiveCfg = Release Od|Win32
		{3423EC9A-52E4-4A4D-9753-EDEBC38785EF}.Release Od|Win32.Build.0 = Release Od|Win32
		{3423EC9A-52E4-4A4D-9753-EDEBC38785EF}.Release Ox|Win32.ActiveCfg = Release Ox|Win32
		{3423EC9A-52E4-4A4D-9753-EDEBC38785EF}.Release Ox|Win32.Build.0 = Release Ox|Win32
	EndGlobalSection
	GlobalSection(SolutionProperties) = preSolution
		HideSolutionNode = FALSE
	EndGlobalSection
EndGlobal
